
Microsoft Visual Studio Solution File, Format Version 12.00
# Visual Studio Version 17
VisualStudioVersion = 17.10.35013.160
MinimumVisualStudioVersion = 10.0.40219.1
Project("{FAE04EC0-301F-11D3-BF4B-00C04F79EFBC}") = "Project(5)", "Project(5)\Project(5).csproj", "{48A48C40-B763-4593-8E4B-17AEE789ED4D}"
EndProject
Global
	GlobalSection(SolutionConfigurationPlatforms) = preSolution
		Debug|Any CPU = Debug|Any CPU
		Release|Any CPU = Release|Any CPU
	EndGlobalSection
	GlobalSection(ProjectConfigurationPlatforms) = postSolution
		{48A48C40-B763-4593-8E4B-17AEE789ED4D}.Debug|Any CPU.ActiveCfg = Debug|Any CPU
		{48A48C40-B763-4593-8E4B-17AEE789ED4D}.Debug|Any CPU.Build.0 = Debug|Any CPU
		{48A48C40-B763-4593-8E4B-17AEE789ED4D}.Release|Any CPU.ActiveCfg = Release|Any CPU
		{48A48C40-B763-4593-8E4B-17AEE789ED4D}.Release|Any CPU.Build.0 = Release|Any CPU
	EndGlobalSection
	GlobalSection(SolutionProperties) = preSolution
		HideSolutionNode = FALSE
	EndGlobalSection
	GlobalSection(ExtensibilityGlobals) = postSolution
		SolutionGuid = {AD396203-AAB6-4F31-93DA-B4AB070789A6}
	EndGlobalSection
EndGlobal
